{
  "../../contracts/lib/era-contracts": {
    "rev": "37e3ba45f43d4df65016195f1659978e9b7f3f52"
  },
  "../../contracts/lib/forge-std": {
    "rev": "6abf66980050ab03a35b52bdab814f55001d6929"
  },
  "../../contracts/lib/openzeppelin-contracts": {
    "rev": "21c8312b022f495ebe3621d5daeed20552b43ff9"
  },
  "../cast-interop": {
    "rev": "b331e52b14d5bdd24eff8a7357ea130eef8cb8cb"
  },
  "../zksync-os-server": {
    "rev": "c9ff211d68d67bc28e66e31a9b43a0420eb0605a"
  },
  "lib/era-contracts": {
    "rev": "32502e318f141e8557a3af537c610b8ac36f84fc"
  },
  "lib/forge-std": {
    "tag": {
      "name": "v1.12.0",
      "rev": "7117c90c8cf6c68e5acce4f09a6b24715cea4de6"
    }
  },
  "lib/openzeppelin-contracts": {
    "tag": {
      "name": "v5.5.0",
      "rev": "fcbae5394ae8ad52d8e580a3477db99814b9d565"
    }
  }
}